// !$*UTF8*$!
{
	archiveVersion = 1;
	classes = {
	};
	objectVersion = 51;
	objects = {

/* Begin PBXBuildFile section */
		44C5B86A6E909548B71A340A /* Pods_InstaClone_InstaCloneUITests.framework in Frameworks */ = {isa = PBXBuildFile; fileRef = F9C8C54D4EB3AE51D7DD95FB /* Pods_InstaClone_InstaCloneUITests.framework */; };
		A1A39175B9CD987F1467316C /* Pods_InstaClone.framework in Frameworks */ = {isa = PBXBuildFile; fileRef = 15890B3F2CB6013F724270D3 /* Pods_InstaClone.framework */; };
		ACAE7D4A16A10BD12A479EAE /* Pods_InstaCloneTests.framework in Frameworks */ = {isa = PBXBuildFile; fileRef = BAFA6A640B57EE37EF85FCC3 /* Pods_InstaCloneTests.framework */; };
		F91402BD25935A4C0073BEDE /* AppDelegate.swift in Sources */ = {isa = PBXBuildFile; fileRef = F91402BC25935A4C0073BEDE /* AppDelegate.swift */; };
		F91402C625935A4E0073BEDE /* Image.xcassets in Resources */ = {isa = PBXBuildFile; fileRef = F91402C525935A4E0073BEDE /* Image.xcassets */; };
		F91402C925935A4E0073BEDE /* LaunchScreen.storyboard in Resources */ = {isa = PBXBuildFile; fileRef = F91402C725935A4E0073BEDE /* LaunchScreen.storyboard */; };
		F91402D425935A4E0073BEDE /* InstaCloneTests.swift in Sources */ = {isa = PBXBuildFile; fileRef = F91402D325935A4E0073BEDE /* InstaCloneTests.swift */; };
		F91402DF25935A4E0073BEDE /* InstaCloneUITests.swift in Sources */ = {isa = PBXBuildFile; fileRef = F91402DE25935A4E0073BEDE /* InstaCloneUITests.swift */; };
		F914039A25936DD50073BEDE /* BaseASViewController.swift in Sources */ = {isa = PBXBuildFile; fileRef = F914039925936DD50073BEDE /* BaseASViewController.swift */; };
		F9A8872425948B4C008099EC /* UIViewController+Rx.swift in Sources */ = {isa = PBXBuildFile; fileRef = F9A8872325948B4C008099EC /* UIViewController+Rx.swift */; };
		F9A8873025948C17008099EC /* Home.swift in Sources */ = {isa = PBXBuildFile; fileRef = F9A8872F25948C17008099EC /* Home.swift */; };
		F9A8874B2594903D008099EC /* User.swift in Sources */ = {isa = PBXBuildFile; fileRef = F9A8874A2594903D008099EC /* User.swift */; };
		F9A8875025949057008099EC /* Story.swift in Sources */ = {isa = PBXBuildFile; fileRef = F9A8874F25949057008099EC /* Story.swift */; };
		F9A8875B25949065008099EC /* Feed.swift in Sources */ = {isa = PBXBuildFile; fileRef = F9A8875A25949065008099EC /* Feed.swift */; };
		F9A8876325949074008099EC /* Comment.swift in Sources */ = {isa = PBXBuildFile; fileRef = F9A8876225949074008099EC /* Comment.swift */; };
		F9CB42AF259776CA0072997D /* Image.swift in Sources */ = {isa = PBXBuildFile; fileRef = F9CB42AE259776CA0072997D /* Image.swift */; };
		F9CB42B7259781DC0072997D /* FeedMidNode.swift in Sources */ = {isa = PBXBuildFile; fileRef = F9CB42B6259781DC0072997D /* FeedMidNode.swift */; };
		F9D7B0AE2594ABF800FAB19B /* MainViewController.swift in Sources */ = {isa = PBXBuildFile; fileRef = F9D7B0AD2594ABF800FAB19B /* MainViewController.swift */; };
		F9D7B0B62594B45300FAB19B /* BaseNode.swift in Sources */ = {isa = PBXBuildFile; fileRef = F9D7B0B52594B45300FAB19B /* BaseNode.swift */; };
		F9D7B0BC2594B52A00FAB19B /* Logging.swift in Sources */ = {isa = PBXBuildFile; fileRef = F9D7B0BB2594B52A00FAB19B /* Logging.swift */; };
		F9D7B0C42594B5D200FAB19B /* BaseInteractor.swift in Sources */ = {isa = PBXBuildFile; fileRef = F9D7B0C32594B5D200FAB19B /* BaseInteractor.swift */; };
		F9D7B0C92594B62E00FAB19B /* BasePresenter.swift in Sources */ = {isa = PBXBuildFile; fileRef = F9D7B0C82594B62E00FAB19B /* BasePresenter.swift */; };
		F9D7B0CE2594B65500FAB19B /* BaseRouter.swift in Sources */ = {isa = PBXBuildFile; fileRef = F9D7B0CD2594B65500FAB19B /* BaseRouter.swift */; };
		F9D7B0D32594B67A00FAB19B /* BaseWorker.swift in Sources */ = {isa = PBXBuildFile; fileRef = F9D7B0D22594B67A00FAB19B /* BaseWorker.swift */; };
		F9D7B0DE2594BA6300FAB19B /* SearchPresenter.swift in Sources */ = {isa = PBXBuildFile; fileRef = F9D7B0D82594BA6300FAB19B /* SearchPresenter.swift */; };
		F9D7B0E02594BA6300FAB19B /* SearchRouter.swift in Sources */ = {isa = PBXBuildFile; fileRef = F9D7B0DA2594BA6300FAB19B /* SearchRouter.swift */; };
		F9D7B0E12594BA6300FAB19B /* SearchModels.swift in Sources */ = {isa = PBXBuildFile; fileRef = F9D7B0DB2594BA6300FAB19B /* SearchModels.swift */; };
		F9D7B0E22594BA6300FAB19B /* SearchViewController.swift in Sources */ = {isa = PBXBuildFile; fileRef = F9D7B0DC2594BA6300FAB19B /* SearchViewController.swift */; };
		F9D7B0E32594BA6300FAB19B /* SearchInteractor.swift in Sources */ = {isa = PBXBuildFile; fileRef = F9D7B0DD2594BA6300FAB19B /* SearchInteractor.swift */; };
		F9D7B0F82594BD5A00FAB19B /* InstaCloneAPI.swift in Sources */ = {isa = PBXBuildFile; fileRef = F9D7B0F72594BD5A00FAB19B /* InstaCloneAPI.swift */; };
		F9D7B1012594DE5800FAB19B /* HomeSample.json in Resources */ = {isa = PBXBuildFile; fileRef = F9D7B1002594DE5800FAB19B /* HomeSample.json */; };
		F9D7B10925958D5C00FAB19B /* NetworkProvider.swift in Sources */ = {isa = PBXBuildFile; fileRef = F9D7B10825958D5C00FAB19B /* NetworkProvider.swift */; };
		F9D7B10E25958D8B00FAB19B /* NetworkLoggerPlugin.swift in Sources */ = {isa = PBXBuildFile; fileRef = F9D7B10D25958D8B00FAB19B /* NetworkLoggerPlugin.swift */; };
		F9D7B11B2596411100FAB19B /* HomePresenter.swift in Sources */ = {isa = PBXBuildFile; fileRef = F9D7B1152596411100FAB19B /* HomePresenter.swift */; };
		F9D7B11D2596411100FAB19B /* HomeRouter.swift in Sources */ = {isa = PBXBuildFile; fileRef = F9D7B1172596411100FAB19B /* HomeRouter.swift */; };
		F9D7B11E2596411100FAB19B /* HomeModels.swift in Sources */ = {isa = PBXBuildFile; fileRef = F9D7B1182596411100FAB19B /* HomeModels.swift */; };
		F9D7B11F2596411100FAB19B /* HomeViewController.swift in Sources */ = {isa = PBXBuildFile; fileRef = F9D7B1192596411100FAB19B /* HomeViewController.swift */; };
		F9D7B1202596411100FAB19B /* HomeInteractor.swift in Sources */ = {isa = PBXBuildFile; fileRef = F9D7B11A2596411100FAB19B /* HomeInteractor.swift */; };
		F9D7B14B25972F9700FAB19B /* Device.swift in Sources */ = {isa = PBXBuildFile; fileRef = F9D7B14A25972F9700FAB19B /* Device.swift */; };
		F9D7B1532597389700FAB19B /* FeedCellNode.swift in Sources */ = {isa = PBXBuildFile; fileRef = F9D7B1522597389600FAB19B /* FeedCellNode.swift */; };
		F9D7B15B259738A100FAB19B /* FeedImageNode.swift in Sources */ = {isa = PBXBuildFile; fileRef = F9D7B15A259738A100FAB19B /* FeedImageNode.swift */; };
		F9D7B16325973B0300FAB19B /* FeedTopNode.swift in Sources */ = {isa = PBXBuildFile; fileRef = F9D7B16225973B0300FAB19B /* FeedTopNode.swift */; };
		F9D7B1742597716000FAB19B /* NetworkingWorker.swift in Sources */ = {isa = PBXBuildFile; fileRef = F9D7B1732597716000FAB19B /* NetworkingWorker.swift */; };
/* End PBXBuildFile section */

/* Begin PBXContainerItemProxy section */
		F91402D025935A4E0073BEDE /* PBXContainerItemProxy */ = {
			isa = PBXContainerItemProxy;
			containerPortal = F91402B125935A4C0073BEDE /* Project object */;
			proxyType = 1;
			remoteGlobalIDString = F91402B825935A4C0073BEDE;
			remoteInfo = InstaClone;
		};
		F91402DB25935A4E0073BEDE /* PBXContainerItemProxy */ = {
			isa = PBXContainerItemProxy;
			containerPortal = F91402B125935A4C0073BEDE /* Project object */;
			proxyType = 1;
			remoteGlobalIDString = F91402B825935A4C0073BEDE;
			remoteInfo = InstaClone;
		};
/* End PBXContainerItemProxy section */

/* Begin PBXFileReference section */
		09B1E87D83428BB855EFD426 /* Pods-InstaClone.release.xcconfig */ = {isa = PBXFileReference; includeInIndex = 1; lastKnownFileType = text.xcconfig; name = "Pods-InstaClone.release.xcconfig"; path = "Target Support Files/Pods-InstaClone/Pods-InstaClone.release.xcconfig"; sourceTree = "<group>"; };
		0D026BF819D00940D92BE9CA /* Pods-InstaCloneTests.release.xcconfig */ = {isa = PBXFileReference; includeInIndex = 1; lastKnownFileType = text.xcconfig; name = "Pods-InstaCloneTests.release.xcconfig"; path = "Target Support Files/Pods-InstaCloneTests/Pods-InstaCloneTests.release.xcconfig"; sourceTree = "<group>"; };
		15890B3F2CB6013F724270D3 /* Pods_InstaClone.framework */ = {isa = PBXFileReference; explicitFileType = wrapper.framework; includeInIndex = 0; path = Pods_InstaClone.framework; sourceTree = BUILT_PRODUCTS_DIR; };
		33DE4A21B2C4DEEED8D94C1B /* Pods-InstaClone-InstaCloneUITests.release.xcconfig */ = {isa = PBXFileReference; includeInIndex = 1; lastKnownFileType = text.xcconfig; name = "Pods-InstaClone-InstaCloneUITests.release.xcconfig"; path = "Target Support Files/Pods-InstaClone-InstaCloneUITests/Pods-InstaClone-InstaCloneUITests.release.xcconfig"; sourceTree = "<group>"; };
		38FB2B52A87B33CEA9B091B1 /* Pods-InstaClone.debug.xcconfig */ = {isa = PBXFileReference; includeInIndex = 1; lastKnownFileType = text.xcconfig; name = "Pods-InstaClone.debug.xcconfig"; path = "Target Support Files/Pods-InstaClone/Pods-InstaClone.debug.xcconfig"; sourceTree = "<group>"; };
		4937DDFE1A89BAA840ADE4B2 /* Pods-InstaCloneTests.debug.xcconfig */ = {isa = PBXFileReference; includeInIndex = 1; lastKnownFileType = text.xcconfig; name = "Pods-InstaCloneTests.debug.xcconfig"; path = "Target Support Files/Pods-InstaCloneTests/Pods-InstaCloneTests.debug.xcconfig"; sourceTree = "<group>"; };
		BAFA6A640B57EE37EF85FCC3 /* Pods_InstaCloneTests.framework */ = {isa = PBXFileReference; explicitFileType = wrapper.framework; includeInIndex = 0; path = Pods_InstaCloneTests.framework; sourceTree = BUILT_PRODUCTS_DIR; };
		C9848A1E4417DD38F8521876 /* Pods-InstaClone-InstaCloneUITests.debug.xcconfig */ = {isa = PBXFileReference; includeInIndex = 1; lastKnownFileType = text.xcconfig; name = "Pods-InstaClone-InstaCloneUITests.debug.xcconfig"; path = "Target Support Files/Pods-InstaClone-InstaCloneUITests/Pods-InstaClone-InstaCloneUITests.debug.xcconfig"; sourceTree = "<group>"; };
		F91402B925935A4C0073BEDE /* InstaClone.app */ = {isa = PBXFileReference; explicitFileType = wrapper.application; includeInIndex = 0; path = InstaClone.app; sourceTree = BUILT_PRODUCTS_DIR; };
		F91402BC25935A4C0073BEDE /* AppDelegate.swift */ = {isa = PBXFileReference; lastKnownFileType = sourcecode.swift; path = AppDelegate.swift; sourceTree = "<group>"; };
		F91402C525935A4E0073BEDE /* Image.xcassets */ = {isa = PBXFileReference; lastKnownFileType = folder.assetcatalog; path = Image.xcassets; sourceTree = "<group>"; };
		F91402C825935A4E0073BEDE /* Base */ = {isa = PBXFileReference; lastKnownFileType = file.storyboard; name = Base; path = Base.lproj/LaunchScreen.storyboard; sourceTree = "<group>"; };
		F91402CA25935A4E0073BEDE /* Info.plist */ = {isa = PBXFileReference; lastKnownFileType = text.plist.xml; path = Info.plist; sourceTree = "<group>"; };
		F91402CF25935A4E0073BEDE /* InstaCloneTests.xctest */ = {isa = PBXFileReference; explicitFileType = wrapper.cfbundle; includeInIndex = 0; path = InstaCloneTests.xctest; sourceTree = BUILT_PRODUCTS_DIR; };
		F91402D325935A4E0073BEDE /* InstaCloneTests.swift */ = {isa = PBXFileReference; lastKnownFileType = sourcecode.swift; path = InstaCloneTests.swift; sourceTree = "<group>"; };
		F91402D525935A4E0073BEDE /* Info.plist */ = {isa = PBXFileReference; lastKnownFileType = text.plist.xml; path = Info.plist; sourceTree = "<group>"; };
		F91402DA25935A4E0073BEDE /* InstaCloneUITests.xctest */ = {isa = PBXFileReference; explicitFileType = wrapper.cfbundle; includeInIndex = 0; path = InstaCloneUITests.xctest; sourceTree = BUILT_PRODUCTS_DIR; };
		F91402DE25935A4E0073BEDE /* InstaCloneUITests.swift */ = {isa = PBXFileReference; lastKnownFileType = sourcecode.swift; path = InstaCloneUITests.swift; sourceTree = "<group>"; };
		F91402E025935A4E0073BEDE /* Info.plist */ = {isa = PBXFileReference; lastKnownFileType = text.plist.xml; path = Info.plist; sourceTree = "<group>"; };
		F914039925936DD50073BEDE /* BaseASViewController.swift */ = {isa = PBXFileReference; lastKnownFileType = sourcecode.swift; path = BaseASViewController.swift; sourceTree = "<group>"; };
		F9A8872325948B4C008099EC /* UIViewController+Rx.swift */ = {isa = PBXFileReference; lastKnownFileType = sourcecode.swift; path = "UIViewController+Rx.swift"; sourceTree = "<group>"; };
		F9A8872F25948C17008099EC /* Home.swift */ = {isa = PBXFileReference; lastKnownFileType = sourcecode.swift; path = Home.swift; sourceTree = "<group>"; };
		F9A8874A2594903D008099EC /* User.swift */ = {isa = PBXFileReference; lastKnownFileType = sourcecode.swift; path = User.swift; sourceTree = "<group>"; };
		F9A8874F25949057008099EC /* Story.swift */ = {isa = PBXFileReference; lastKnownFileType = sourcecode.swift; path = Story.swift; sourceTree = "<group>"; };
		F9A8875A25949065008099EC /* Feed.swift */ = {isa = PBXFileReference; lastKnownFileType = sourcecode.swift; path = Feed.swift; sourceTree = "<group>"; };
		F9A8876225949074008099EC /* Comment.swift */ = {isa = PBXFileReference; lastKnownFileType = sourcecode.swift; path = Comment.swift; sourceTree = "<group>"; };
		F9C8C54D4EB3AE51D7DD95FB /* Pods_InstaClone_InstaCloneUITests.framework */ = {isa = PBXFileReference; explicitFileType = wrapper.framework; includeInIndex = 0; path = Pods_InstaClone_InstaCloneUITests.framework; sourceTree = BUILT_PRODUCTS_DIR; };
		F9CB42AE259776CA0072997D /* Image.swift */ = {isa = PBXFileReference; lastKnownFileType = sourcecode.swift; path = Image.swift; sourceTree = "<group>"; };
		F9CB42B6259781DC0072997D /* FeedMidNode.swift */ = {isa = PBXFileReference; lastKnownFileType = sourcecode.swift; path = FeedMidNode.swift; sourceTree = "<group>"; };
		F9D7B0AD2594ABF800FAB19B /* MainViewController.swift */ = {isa = PBXFileReference; lastKnownFileType = sourcecode.swift; path = MainViewController.swift; sourceTree = "<group>"; };
		F9D7B0B52594B45300FAB19B /* BaseNode.swift */ = {isa = PBXFileReference; lastKnownFileType = sourcecode.swift; path = BaseNode.swift; sourceTree = "<group>"; };
		F9D7B0BB2594B52A00FAB19B /* Logging.swift */ = {isa = PBXFileReference; lastKnownFileType = sourcecode.swift; path = Logging.swift; sourceTree = "<group>"; };
		F9D7B0C32594B5D200FAB19B /* BaseInteractor.swift */ = {isa = PBXFileReference; lastKnownFileType = sourcecode.swift; path = BaseInteractor.swift; sourceTree = "<group>"; };
		F9D7B0C82594B62E00FAB19B /* BasePresenter.swift */ = {isa = PBXFileReference; lastKnownFileType = sourcecode.swift; path = BasePresenter.swift; sourceTree = "<group>"; };
		F9D7B0CD2594B65500FAB19B /* BaseRouter.swift */ = {isa = PBXFileReference; lastKnownFileType = sourcecode.swift; path = BaseRouter.swift; sourceTree = "<group>"; };
		F9D7B0D22594B67A00FAB19B /* BaseWorker.swift */ = {isa = PBXFileReference; lastKnownFileType = sourcecode.swift; path = BaseWorker.swift; sourceTree = "<group>"; };
		F9D7B0D82594BA6300FAB19B /* SearchPresenter.swift */ = {isa = PBXFileReference; lastKnownFileType = sourcecode.swift; path = SearchPresenter.swift; sourceTree = "<group>"; };
		F9D7B0DA2594BA6300FAB19B /* SearchRouter.swift */ = {isa = PBXFileReference; lastKnownFileType = sourcecode.swift; path = SearchRouter.swift; sourceTree = "<group>"; };
		F9D7B0DB2594BA6300FAB19B /* SearchModels.swift */ = {isa = PBXFileReference; lastKnownFileType = sourcecode.swift; path = SearchModels.swift; sourceTree = "<group>"; };
		F9D7B0DC2594BA6300FAB19B /* SearchViewController.swift */ = {isa = PBXFileReference; lastKnownFileType = sourcecode.swift; path = SearchViewController.swift; sourceTree = "<group>"; };
		F9D7B0DD2594BA6300FAB19B /* SearchInteractor.swift */ = {isa = PBXFileReference; lastKnownFileType = sourcecode.swift; path = SearchInteractor.swift; sourceTree = "<group>"; };
		F9D7B0F72594BD5A00FAB19B /* InstaCloneAPI.swift */ = {isa = PBXFileReference; lastKnownFileType = sourcecode.swift; path = InstaCloneAPI.swift; sourceTree = "<group>"; };
		F9D7B1002594DE5800FAB19B /* HomeSample.json */ = {isa = PBXFileReference; lastKnownFileType = text.json; path = HomeSample.json; sourceTree = "<group>"; };
		F9D7B10825958D5C00FAB19B /* NetworkProvider.swift */ = {isa = PBXFileReference; lastKnownFileType = sourcecode.swift; path = NetworkProvider.swift; sourceTree = "<group>"; };
		F9D7B10D25958D8B00FAB19B /* NetworkLoggerPlugin.swift */ = {isa = PBXFileReference; lastKnownFileType = sourcecode.swift; path = NetworkLoggerPlugin.swift; sourceTree = "<group>"; };
		F9D7B1152596411100FAB19B /* HomePresenter.swift */ = {isa = PBXFileReference; lastKnownFileType = sourcecode.swift; path = HomePresenter.swift; sourceTree = "<group>"; };
		F9D7B1172596411100FAB19B /* HomeRouter.swift */ = {isa = PBXFileReference; lastKnownFileType = sourcecode.swift; path = HomeRouter.swift; sourceTree = "<group>"; };
		F9D7B1182596411100FAB19B /* HomeModels.swift */ = {isa = PBXFileReference; lastKnownFileType = sourcecode.swift; path = HomeModels.swift; sourceTree = "<group>"; };
		F9D7B1192596411100FAB19B /* HomeViewController.swift */ = {isa = PBXFileReference; lastKnownFileType = sourcecode.swift; path = HomeViewController.swift; sourceTree = "<group>"; };
		F9D7B11A2596411100FAB19B /* HomeInteractor.swift */ = {isa = PBXFileReference; lastKnownFileType = sourcecode.swift; path = HomeInteractor.swift; sourceTree = "<group>"; };
		F9D7B14A25972F9700FAB19B /* Device.swift */ = {isa = PBXFileReference; lastKnownFileType = sourcecode.swift; path = Device.swift; sourceTree = "<group>"; };
		F9D7B1522597389600FAB19B /* FeedCellNode.swift */ = {isa = PBXFileReference; fileEncoding = 4; lastKnownFileType = sourcecode.swift; name = FeedCellNode.swift; path = Nodes/FeedCellNode.swift; sourceTree = "<group>"; };
		F9D7B15A259738A100FAB19B /* FeedImageNode.swift */ = {isa = PBXFileReference; fileEncoding = 4; lastKnownFileType = sourcecode.swift; name = FeedImageNode.swift; path = Nodes/FeedImageNode.swift; sourceTree = "<group>"; };
		F9D7B16225973B0300FAB19B /* FeedTopNode.swift */ = {isa = PBXFileReference; lastKnownFileType = sourcecode.swift; path = FeedTopNode.swift; sourceTree = "<group>"; };
		F9D7B1732597716000FAB19B /* NetworkingWorker.swift */ = {isa = PBXFileReference; lastKnownFileType = sourcecode.swift; path = NetworkingWorker.swift; sourceTree = "<group>"; };
/* End PBXFileReference section */

/* Begin PBXFrameworksBuildPhase section */
		F91402B625935A4C0073BEDE /* Frameworks */ = {
			isa = PBXFrameworksBuildPhase;
			buildActionMask = 2147483647;
			files = (
				A1A39175B9CD987F1467316C /* Pods_InstaClone.framework in Frameworks */,
			);
			runOnlyForDeploymentPostprocessing = 0;
		};
		F91402CC25935A4E0073BEDE /* Frameworks */ = {
			isa = PBXFrameworksBuildPhase;
			buildActionMask = 2147483647;
			files = (
				ACAE7D4A16A10BD12A479EAE /* Pods_InstaCloneTests.framework in Frameworks */,
			);
			runOnlyForDeploymentPostprocessing = 0;
		};
		F91402D725935A4E0073BEDE /* Frameworks */ = {
			isa = PBXFrameworksBuildPhase;
			buildActionMask = 2147483647;
			files = (
				44C5B86A6E909548B71A340A /* Pods_InstaClone_InstaCloneUITests.framework in Frameworks */,
			);
			runOnlyForDeploymentPostprocessing = 0;
		};
/* End PBXFrameworksBuildPhase section */

/* Begin PBXGroup section */
		6C93DDC6307A74F4021922FB /* Pods */ = {
			isa = PBXGroup;
			children = (
				38FB2B52A87B33CEA9B091B1 /* Pods-InstaClone.debug.xcconfig */,
				09B1E87D83428BB855EFD426 /* Pods-InstaClone.release.xcconfig */,
				C9848A1E4417DD38F8521876 /* Pods-InstaClone-InstaCloneUITests.debug.xcconfig */,
				33DE4A21B2C4DEEED8D94C1B /* Pods-InstaClone-InstaCloneUITests.release.xcconfig */,
				4937DDFE1A89BAA840ADE4B2 /* Pods-InstaCloneTests.debug.xcconfig */,
				0D026BF819D00940D92BE9CA /* Pods-InstaCloneTests.release.xcconfig */,
			);
			path = Pods;
			sourceTree = "<group>";
		};
		79213262C85F630267BE0A1C /* Frameworks */ = {
			isa = PBXGroup;
			children = (
				15890B3F2CB6013F724270D3 /* Pods_InstaClone.framework */,
				F9C8C54D4EB3AE51D7DD95FB /* Pods_InstaClone_InstaCloneUITests.framework */,
				BAFA6A640B57EE37EF85FCC3 /* Pods_InstaCloneTests.framework */,
			);
			name = Frameworks;
			sourceTree = "<group>";
		};
		F91402B025935A4C0073BEDE = {
			isa = PBXGroup;
			children = (
				F91402BB25935A4C0073BEDE /* InstaClone */,
				F91402D225935A4E0073BEDE /* InstaCloneTests */,
				F91402DD25935A4E0073BEDE /* InstaCloneUITests */,
				F91402BA25935A4C0073BEDE /* Products */,
				6C93DDC6307A74F4021922FB /* Pods */,
				79213262C85F630267BE0A1C /* Frameworks */,
			);
			sourceTree = "<group>";
		};
		F91402BA25935A4C0073BEDE /* Products */ = {
			isa = PBXGroup;
			children = (
				F91402B925935A4C0073BEDE /* InstaClone.app */,
				F91402CF25935A4E0073BEDE /* InstaCloneTests.xctest */,
				F91402DA25935A4E0073BEDE /* InstaCloneUITests.xctest */,
			);
			name = Products;
			sourceTree = "<group>";
		};
		F91402BB25935A4C0073BEDE /* InstaClone */ = {
			isa = PBXGroup;
			children = (
				F91403262593689E0073BEDE /* Sources */,
				F914031E2593686C0073BEDE /* Resources */,
				F9140324259368860073BEDE /* Supportings */,
			);
			path = InstaClone;
			sourceTree = "<group>";
		};
		F91402D225935A4E0073BEDE /* InstaCloneTests */ = {
			isa = PBXGroup;
			children = (
				F91402D325935A4E0073BEDE /* InstaCloneTests.swift */,
				F91402D525935A4E0073BEDE /* Info.plist */,
			);
			path = InstaCloneTests;
			sourceTree = "<group>";
		};
		F91402DD25935A4E0073BEDE /* InstaCloneUITests */ = {
			isa = PBXGroup;
			children = (
				F91402DE25935A4E0073BEDE /* InstaCloneUITests.swift */,
				F91402E025935A4E0073BEDE /* Info.plist */,
			);
			path = InstaCloneUITests;
			sourceTree = "<group>";
		};
		F914031E2593686C0073BEDE /* Resources */ = {
			isa = PBXGroup;
			children = (
				F91403232593687F0073BEDE /* Assets */,
				F9140322259368770073BEDE /* Storyboards */,
				F9D7B0FF2594DE2800FAB19B /* Samples */,
			);
			path = Resources;
			sourceTree = "<group>";
		};
		F9140322259368770073BEDE /* Storyboards */ = {
			isa = PBXGroup;
			children = (
				F91402C725935A4E0073BEDE /* LaunchScreen.storyboard */,
			);
			path = Storyboards;
			sourceTree = "<group>";
		};
		F91403232593687F0073BEDE /* Assets */ = {
			isa = PBXGroup;
			children = (
				F91402C525935A4E0073BEDE /* Image.xcassets */,
			);
			path = Assets;
			sourceTree = "<group>";
		};
		F9140324259368860073BEDE /* Supportings */ = {
			isa = PBXGroup;
			children = (
				F9140325259368950073BEDE /* plists */,
			);
			path = Supportings;
			sourceTree = "<group>";
		};
		F9140325259368950073BEDE /* plists */ = {
			isa = PBXGroup;
			children = (
				F91402CA25935A4E0073BEDE /* Info.plist */,
			);
			path = plists;
			sourceTree = "<group>";
		};
		F91403262593689E0073BEDE /* Sources */ = {
			isa = PBXGroup;
			children = (
				F914032A259368A30073BEDE /* Application */,
				F9140333259368C20073BEDE /* Scenes */,
				F9A8872E25948BFD008099EC /* Models */,
				F94C04452594871200EDE959 /* Workers */,
				F914039725936DBA0073BEDE /* Common */,
			);
			path = Sources;
			sourceTree = "<group>";
		};
		F914032A259368A30073BEDE /* Application */ = {
			isa = PBXGroup;
			children = (
				F91402BC25935A4C0073BEDE /* AppDelegate.swift */,
			);
			path = Application;
			sourceTree = "<group>";
		};
		F9140333259368C20073BEDE /* Scenes */ = {
			isa = PBXGroup;
			children = (
				F9D7B0AD2594ABF800FAB19B /* MainViewController.swift */,
				F9A8873425948E27008099EC /* Home */,
				F9D7B0D72594BA2700FAB19B /* Search */,
			);
			path = Scenes;
			sourceTree = "<group>";
		};
		F914039725936DBA0073BEDE /* Common */ = {
			isa = PBXGroup;
			children = (
				F9D7B14925972F9000FAB19B /* Constants */,
				F9D7B0BA2594B51E00FAB19B /* Utilities */,
				F914039825936DC50073BEDE /* Bases */,
				F9A8872125948B06008099EC /* Extensions */,
			);
			path = Common;
			sourceTree = "<group>";
		};
		F914039825936DC50073BEDE /* Bases */ = {
			isa = PBXGroup;
			children = (
				F914039925936DD50073BEDE /* BaseASViewController.swift */,
				F9D7B0C32594B5D200FAB19B /* BaseInteractor.swift */,
				F9D7B0C82594B62E00FAB19B /* BasePresenter.swift */,
				F9D7B0CD2594B65500FAB19B /* BaseRouter.swift */,
				F9D7B0D22594B67A00FAB19B /* BaseWorker.swift */,
				F9D7B0B52594B45300FAB19B /* BaseNode.swift */,
			);
			path = Bases;
			sourceTree = "<group>";
		};
		F94C04452594871200EDE959 /* Workers */ = {
			isa = PBXGroup;
			children = (
				F9D7B0F32594BD4100FAB19B /* Networking */,
			);
			path = Workers;
			sourceTree = "<group>";
		};
		F9A8872125948B06008099EC /* Extensions */ = {
			isa = PBXGroup;
			children = (
				F9A8872225948B3F008099EC /* Reactive */,
			);
			path = Extensions;
			sourceTree = "<group>";
		};
		F9A8872225948B3F008099EC /* Reactive */ = {
			isa = PBXGroup;
			children = (
				F9A8872325948B4C008099EC /* UIViewController+Rx.swift */,
			);
			path = Reactive;
			sourceTree = "<group>";
		};
		F9A8872E25948BFD008099EC /* Models */ = {
			isa = PBXGroup;
			children = (
				F9A8872F25948C17008099EC /* Home.swift */,
				F9A8874A2594903D008099EC /* User.swift */,
				F9A8874F25949057008099EC /* Story.swift */,
				F9A8875A25949065008099EC /* Feed.swift */,
				F9A8876225949074008099EC /* Comment.swift */,
			);
			path = Models;
			sourceTree = "<group>";
		};
		F9A8873425948E27008099EC /* Home */ = {
			isa = PBXGroup;
			children = (
				F9D7B1192596411100FAB19B /* HomeViewController.swift */,
				F9D7B11A2596411100FAB19B /* HomeInteractor.swift */,
				F9D7B1152596411100FAB19B /* HomePresenter.swift */,
				F9D7B1172596411100FAB19B /* HomeRouter.swift */,
				F9D7B1182596411100FAB19B /* HomeModels.swift */,
				F9D7B13B25972D0700FAB19B /* Nodes */,
			);
			path = Home;
			sourceTree = "<group>";
		};
		F9D7B0BA2594B51E00FAB19B /* Utilities */ = {
			isa = PBXGroup;
			children = (
				F9D7B0BB2594B52A00FAB19B /* Logging.swift */,
			);
			path = Utilities;
			sourceTree = "<group>";
		};
		F9D7B0D72594BA2700FAB19B /* Search */ = {
			isa = PBXGroup;
			children = (
				F9D7B0DA2594BA6300FAB19B /* SearchRouter.swift */,
				F9D7B0DB2594BA6300FAB19B /* SearchModels.swift */,
				F9D7B0DC2594BA6300FAB19B /* SearchViewController.swift */,
				F9D7B0DD2594BA6300FAB19B /* SearchInteractor.swift */,
				F9D7B0D82594BA6300FAB19B /* SearchPresenter.swift */,
			);
			path = Search;
			sourceTree = "<group>";
		};
		F9D7B0F32594BD4100FAB19B /* Networking */ = {
			isa = PBXGroup;
			children = (
				F9D7B1732597716000FAB19B /* NetworkingWorker.swift */,
				F9D7B0F72594BD5A00FAB19B /* InstaCloneAPI.swift */,
				F9D7B10825958D5C00FAB19B /* NetworkProvider.swift */,
				F9D7B10D25958D8B00FAB19B /* NetworkLoggerPlugin.swift */,
			);
			path = Networking;
			sourceTree = "<group>";
		};
		F9D7B0FF2594DE2800FAB19B /* Samples */ = {
			isa = PBXGroup;
			children = (
				F9D7B1002594DE5800FAB19B /* HomeSample.json */,
			);
			path = Samples;
			sourceTree = "<group>";
		};
		F9D7B13B25972D0700FAB19B /* Nodes */ = {
			isa = PBXGroup;
			children = (
				F9D7B1522597389600FAB19B /* FeedCellNode.swift */,
				F9D7B16225973B0300FAB19B /* FeedTopNode.swift */,
				F9D7B15A259738A100FAB19B /* FeedImageNode.swift */,
				F9CB42B6259781DC0072997D /* FeedMidNode.swift */,
			);
			name = Nodes;
			sourceTree = "<group>";
		};
		F9D7B14925972F9000FAB19B /* Constants */ = {
			isa = PBXGroup;
			children = (
				F9D7B14A25972F9700FAB19B /* Device.swift */,
				F9CB42AE259776CA0072997D /* Image.swift */,
			);
			path = Constants;
			sourceTree = "<group>";
		};
/* End PBXGroup section */

/* Begin PBXNativeTarget section */
		F91402B825935A4C0073BEDE /* InstaClone */ = {
			isa = PBXNativeTarget;
			buildConfigurationList = F91402E325935A4E0073BEDE /* Build configuration list for PBXNativeTarget "InstaClone" */;
			buildPhases = (
				E37B1BFDC5F48360F9BE5EC9 /* [CP] Check Pods Manifest.lock */,
				F91402B525935A4C0073BEDE /* Sources */,
				F91402B625935A4C0073BEDE /* Frameworks */,
				F91402B725935A4C0073BEDE /* Resources */,
				5A6AF73861D09C66F4A0A46B /* [CP] Embed Pods Frameworks */,
			);
			buildRules = (
			);
			dependencies = (
			);
			name = InstaClone;
			productName = InstaClone;
			productReference = F91402B925935A4C0073BEDE /* InstaClone.app */;
			productType = "com.apple.product-type.application";
		};
		F91402CE25935A4E0073BEDE /* InstaCloneTests */ = {
			isa = PBXNativeTarget;
			buildConfigurationList = F91402E625935A4E0073BEDE /* Build configuration list for PBXNativeTarget "InstaCloneTests" */;
			buildPhases = (
				EECCA2B3BCACF5D27D3B220A /* [CP] Check Pods Manifest.lock */,
				F91402CB25935A4E0073BEDE /* Sources */,
				F91402CC25935A4E0073BEDE /* Frameworks */,
				F91402CD25935A4E0073BEDE /* Resources */,
			);
			buildRules = (
			);
			dependencies = (
				F91402D125935A4E0073BEDE /* PBXTargetDependency */,
			);
			name = InstaCloneTests;
			productName = InstaCloneTests;
			productReference = F91402CF25935A4E0073BEDE /* InstaCloneTests.xctest */;
			productType = "com.apple.product-type.bundle.unit-test";
		};
		F91402D925935A4E0073BEDE /* InstaCloneUITests */ = {
			isa = PBXNativeTarget;
			buildConfigurationList = F91402E925935A4E0073BEDE /* Build configuration list for PBXNativeTarget "InstaCloneUITests" */;
			buildPhases = (
				407AAFCF6A05355B48F62B07 /* [CP] Check Pods Manifest.lock */,
				F91402D625935A4E0073BEDE /* Sources */,
				F91402D725935A4E0073BEDE /* Frameworks */,
				F91402D825935A4E0073BEDE /* Resources */,
				74E6EAE1DB2CF3920B2C408C /* [CP] Embed Pods Frameworks */,
			);
			buildRules = (
			);
			dependencies = (
				F91402DC25935A4E0073BEDE /* PBXTargetDependency */,
			);
			name = InstaCloneUITests;
			productName = InstaCloneUITests;
			productReference = F91402DA25935A4E0073BEDE /* InstaCloneUITests.xctest */;
			productType = "com.apple.product-type.bundle.ui-testing";
		};
/* End PBXNativeTarget section */

/* Begin PBXProject section */
		F91402B125935A4C0073BEDE /* Project object */ = {
			isa = PBXProject;
			attributes = {
				LastSwiftUpdateCheck = 1230;
				LastUpgradeCheck = 1230;
				TargetAttributes = {
					F91402B825935A4C0073BEDE = {
						CreatedOnToolsVersion = 12.3;
					};
					F91402CE25935A4E0073BEDE = {
						CreatedOnToolsVersion = 12.3;
						TestTargetID = F91402B825935A4C0073BEDE;
					};
					F91402D925935A4E0073BEDE = {
						CreatedOnToolsVersion = 12.3;
						TestTargetID = F91402B825935A4C0073BEDE;
					};
				};
			};
			buildConfigurationList = F91402B425935A4C0073BEDE /* Build configuration list for PBXProject "InstaClone" */;
			compatibilityVersion = "Xcode 9.3";
			developmentRegion = en;
			hasScannedForEncodings = 0;
			knownRegions = (
				en,
				Base,
			);
			mainGroup = F91402B025935A4C0073BEDE;
			productRefGroup = F91402BA25935A4C0073BEDE /* Products */;
			projectDirPath = "";
			projectRoot = "";
			targets = (
				F91402B825935A4C0073BEDE /* InstaClone */,
				F91402CE25935A4E0073BEDE /* InstaCloneTests */,
				F91402D925935A4E0073BEDE /* InstaCloneUITests */,
			);
		};
/* End PBXProject section */

/* Begin PBXResourcesBuildPhase section */
		F91402B725935A4C0073BEDE /* Resources */ = {
			isa = PBXResourcesBuildPhase;
			buildActionMask = 2147483647;
			files = (
				F9D7B1012594DE5800FAB19B /* HomeSample.json in Resources */,
				F91402C925935A4E0073BEDE /* LaunchScreen.storyboard in Resources */,
				F91402C625935A4E0073BEDE /* Image.xcassets in Resources */,
			);
			runOnlyForDeploymentPostprocessing = 0;
		};
		F91402CD25935A4E0073BEDE /* Resources */ = {
			isa = PBXResourcesBuildPhase;
			buildActionMask = 2147483647;
			files = (
			);
			runOnlyForDeploymentPostprocessing = 0;
		};
		F91402D825935A4E0073BEDE /* Resources */ = {
			isa = PBXResourcesBuildPhase;
			buildActionMask = 2147483647;
			files = (
			);
			runOnlyForDeploymentPostprocessing = 0;
		};
/* End PBXResourcesBuildPhase section */

/* Begin PBXShellScriptBuildPhase section */
		407AAFCF6A05355B48F62B07 /* [CP] Check Pods Manifest.lock */ = {
			isa = PBXShellScriptBuildPhase;
			buildActionMask = 2147483647;
			files = (
			);
			inputFileListPaths = (
			);
			inputPaths = (
				"${PODS_PODFILE_DIR_PATH}/Podfile.lock",
				"${PODS_ROOT}/Manifest.lock",
			);
			name = "[CP] Check Pods Manifest.lock";
			outputFileListPaths = (
			);
			outputPaths = (
				"$(DERIVED_FILE_DIR)/Pods-InstaClone-InstaCloneUITests-checkManifestLockResult.txt",
			);
			runOnlyForDeploymentPostprocessing = 0;
			shellPath = /bin/sh;
			shellScript = "diff \"${PODS_PODFILE_DIR_PATH}/Podfile.lock\" \"${PODS_ROOT}/Manifest.lock\" > /dev/null\nif [ $? != 0 ] ; then\n    # print error to STDERR\n    echo \"error: The sandbox is not in sync with the Podfile.lock. Run 'pod install' or update your CocoaPods installation.\" >&2\n    exit 1\nfi\n# This output is used by Xcode 'outputs' to avoid re-running this script phase.\necho \"SUCCESS\" > \"${SCRIPT_OUTPUT_FILE_0}\"\n";
			showEnvVarsInLog = 0;
		};
		5A6AF73861D09C66F4A0A46B /* [CP] Embed Pods Frameworks */ = {
			isa = PBXShellScriptBuildPhase;
			buildActionMask = 2147483647;
			files = (
			);
			inputFileListPaths = (
				"${PODS_ROOT}/Target Support Files/Pods-InstaClone/Pods-InstaClone-frameworks-${CONFIGURATION}-input-files.xcfilelist",
			);
			name = "[CP] Embed Pods Frameworks";
			outputFileListPaths = (
				"${PODS_ROOT}/Target Support Files/Pods-InstaClone/Pods-InstaClone-frameworks-${CONFIGURATION}-output-files.xcfilelist",
			);
			runOnlyForDeploymentPostprocessing = 0;
			shellPath = /bin/sh;
			shellScript = "\"${PODS_ROOT}/Target Support Files/Pods-InstaClone/Pods-InstaClone-frameworks.sh\"\n";
			showEnvVarsInLog = 0;
		};
		74E6EAE1DB2CF3920B2C408C /* [CP] Embed Pods Frameworks */ = {
			isa = PBXShellScriptBuildPhase;
			buildActionMask = 2147483647;
			files = (
			);
			inputFileListPaths = (
				"${PODS_ROOT}/Target Support Files/Pods-InstaClone-InstaCloneUITests/Pods-InstaClone-InstaCloneUITests-frameworks-${CONFIGURATION}-input-files.xcfilelist",
			);
			name = "[CP] Embed Pods Frameworks";
			outputFileListPaths = (
				"${PODS_ROOT}/Target Support Files/Pods-InstaClone-InstaCloneUITests/Pods-InstaClone-InstaCloneUITests-frameworks-${CONFIGURATION}-output-files.xcfilelist",
			);
			runOnlyForDeploymentPostprocessing = 0;
			shellPath = /bin/sh;
			shellScript = "\"${PODS_ROOT}/Target Support Files/Pods-InstaClone-InstaCloneUITests/Pods-InstaClone-InstaCloneUITests-frameworks.sh\"\n";
			showEnvVarsInLog = 0;
		};
		E37B1BFDC5F48360F9BE5EC9 /* [CP] Check Pods Manifest.lock */ = {
			isa = PBXShellScriptBuildPhase;
			buildActionMask = 2147483647;
			files = (
			);
			inputFileListPaths = (
			);
			inputPaths = (
				"${PODS_PODFILE_DIR_PATH}/Podfile.lock",
				"${PODS_ROOT}/Manifest.lock",
			);
			name = "[CP] Check Pods Manifest.lock";
			outputFileListPaths = (
			);
			outputPaths = (
				"$(DERIVED_FILE_DIR)/Pods-InstaClone-checkManifestLockResult.txt",
			);
			runOnlyForDeploymentPostprocessing = 0;
			shellPath = /bin/sh;
			shellScript = "diff \"${PODS_PODFILE_DIR_PATH}/Podfile.lock\" \"${PODS_ROOT}/Manifest.lock\" > /dev/null\nif [ $? != 0 ] ; then\n    # print error to STDERR\n    echo \"error: The sandbox is not in sync with the Podfile.lock. Run 'pod install' or update your CocoaPods installation.\" >&2\n    exit 1\nfi\n# This output is used by Xcode 'outputs' to avoid re-running this script phase.\necho \"SUCCESS\" > \"${SCRIPT_OUTPUT_FILE_0}\"\n";
			showEnvVarsInLog = 0;
		};
		EECCA2B3BCACF5D27D3B220A /* [CP] Check Pods Manifest.lock */ = {
			isa = PBXShellScriptBuildPhase;
			buildActionMask = 2147483647;
			files = (
			);
			inputFileListPaths = (
			);
			inputPaths = (
				"${PODS_PODFILE_DIR_PATH}/Podfile.lock",
				"${PODS_ROOT}/Manifest.lock",
			);
			name = "[CP] Check Pods Manifest.lock";
			outputFileListPaths = (
			);
			outputPaths = (
				"$(DERIVED_FILE_DIR)/Pods-InstaCloneTests-checkManifestLockResult.txt",
			);
			runOnlyForDeploymentPostprocessing = 0;
			shellPath = /bin/sh;
			shellScript = "diff \"${PODS_PODFILE_DIR_PATH}/Podfile.lock\" \"${PODS_ROOT}/Manifest.lock\" > /dev/null\nif [ $? != 0 ] ; then\n    # print error to STDERR\n    echo \"error: The sandbox is not in sync with the Podfile.lock. Run 'pod install' or update your CocoaPods installation.\" >&2\n    exit 1\nfi\n# This output is used by Xcode 'outputs' to avoid re-running this script phase.\necho \"SUCCESS\" > \"${SCRIPT_OUTPUT_FILE_0}\"\n";
			showEnvVarsInLog = 0;
		};
/* End PBXShellScriptBuildPhase section */

/* Begin PBXSourcesBuildPhase section */
		F91402B525935A4C0073BEDE /* Sources */ = {
			isa = PBXSourcesBuildPhase;
			buildActionMask = 2147483647;
			files = (
				F9D7B0E02594BA6300FAB19B /* SearchRouter.swift in Sources */,
				F9D7B10925958D5C00FAB19B /* NetworkProvider.swift in Sources */,
				F9D7B14B25972F9700FAB19B /* Device.swift in Sources */,
				F9D7B0C92594B62E00FAB19B /* BasePresenter.swift in Sources */,
				F9D7B0E22594BA6300FAB19B /* SearchViewController.swift in Sources */,
				F9D7B11F2596411100FAB19B /* HomeViewController.swift in Sources */,
				F9D7B11E2596411100FAB19B /* HomeModels.swift in Sources */,
				F9D7B0DE2594BA6300FAB19B /* SearchPresenter.swift in Sources */,
				F9D7B10E25958D8B00FAB19B /* NetworkLoggerPlugin.swift in Sources */,
				F9D7B0E32594BA6300FAB19B /* SearchInteractor.swift in Sources */,
				F9D7B1202596411100FAB19B /* HomeInteractor.swift in Sources */,
				F9CB42AF259776CA0072997D /* Image.swift in Sources */,
				F9D7B1742597716000FAB19B /* NetworkingWorker.swift in Sources */,
				F9D7B11D2596411100FAB19B /* HomeRouter.swift in Sources */,
				F9D7B11B2596411100FAB19B /* HomePresenter.swift in Sources */,
				F9D7B0C42594B5D200FAB19B /* BaseInteractor.swift in Sources */,
				F9A8875B25949065008099EC /* Feed.swift in Sources */,
				F9A8873025948C17008099EC /* Home.swift in Sources */,
				F9D7B0BC2594B52A00FAB19B /* Logging.swift in Sources */,
				F9D7B15B259738A100FAB19B /* FeedImageNode.swift in Sources */,
				F9D7B0B62594B45300FAB19B /* BaseNode.swift in Sources */,
				F9A8872425948B4C008099EC /* UIViewController+Rx.swift in Sources */,
				F9D7B0D32594B67A00FAB19B /* BaseWorker.swift in Sources */,
				F9D7B16325973B0300FAB19B /* FeedTopNode.swift in Sources */,
				F9A8875025949057008099EC /* Story.swift in Sources */,
				F9CB42B7259781DC0072997D /* FeedMidNode.swift in Sources */,
				F9D7B0F82594BD5A00FAB19B /* InstaCloneAPI.swift in Sources */,
				F9D7B0AE2594ABF800FAB19B /* MainViewController.swift in Sources */,
				F9D7B0E12594BA6300FAB19B /* SearchModels.swift in Sources */,
				F9A8876325949074008099EC /* Comment.swift in Sources */,
				F9D7B0CE2594B65500FAB19B /* BaseRouter.swift in Sources */,
				F9A8874B2594903D008099EC /* User.swift in Sources */,
				F91402BD25935A4C0073BEDE /* AppDelegate.swift in Sources */,
				F914039A25936DD50073BEDE /* BaseASViewController.swift in Sources */,
				F9D7B1532597389700FAB19B /* FeedCellNode.swift in Sources */,
			);
			runOnlyForDeploymentPostprocessing = 0;
		};
		F91402CB25935A4E0073BEDE /* Sources */ = {
			isa = PBXSourcesBuildPhase;
			buildActionMask = 2147483647;
			files = (
				F91402D425935A4E0073BEDE /* InstaCloneTests.swift in Sources */,
			);
			runOnlyForDeploymentPostprocessing = 0;
		};
		F91402D625935A4E0073BEDE /* Sources */ = {
			isa = PBXSourcesBuildPhase;
			buildActionMask = 2147483647;
			files = (
				F91402DF25935A4E0073BEDE /* InstaCloneUITests.swift in Sources */,
			);
			runOnlyForDeploymentPostprocessing = 0;
		};
/* End PBXSourcesBuildPhase section */

/* Begin PBXTargetDependency section */
		F91402D125935A4E0073BEDE /* PBXTargetDependency */ = {
			isa = PBXTargetDependency;
			target = F91402B825935A4C0073BEDE /* InstaClone */;
			targetProxy = F91402D025935A4E0073BEDE /* PBXContainerItemProxy */;
		};
		F91402DC25935A4E0073BEDE /* PBXTargetDependency */ = {
			isa = PBXTargetDependency;
			target = F91402B825935A4C0073BEDE /* InstaClone */;
			targetProxy = F91402DB25935A4E0073BEDE /* PBXContainerItemProxy */;
		};
/* End PBXTargetDependency section */

/* Begin PBXVariantGroup section */
		F91402C725935A4E0073BEDE /* LaunchScreen.storyboard */ = {
			isa = PBXVariantGroup;
			children = (
				F91402C825935A4E0073BEDE /* Base */,
			);
			name = LaunchScreen.storyboard;
			sourceTree = "<group>";
		};
/* End PBXVariantGroup section */

/* Begin XCBuildConfiguration section */
		F91402E125935A4E0073BEDE /* Debug */ = {
			isa = XCBuildConfiguration;
			buildSettings = {
				ALWAYS_SEARCH_USER_PATHS = NO;
				CLANG_ANALYZER_NONNULL = YES;
				CLANG_ANALYZER_NUMBER_OBJECT_CONVERSION = YES_AGGRESSIVE;
				CLANG_CXX_LANGUAGE_STANDARD = "gnu++14";
				CLANG_CXX_LIBRARY = "libc++";
				CLANG_ENABLE_MODULES = YES;
				CLANG_ENABLE_OBJC_ARC = YES;
				CLANG_ENABLE_OBJC_WEAK = YES;
				CLANG_WARN_BLOCK_CAPTURE_AUTORELEASING = YES;
				CLANG_WARN_BOOL_CONVERSION = YES;
				CLANG_WARN_COMMA = YES;
				CLANG_WARN_CONSTANT_CONVERSION = YES;
				CLANG_WARN_DEPRECATED_OBJC_IMPLEMENTATIONS = YES;
				CLANG_WARN_DIRECT_OBJC_ISA_USAGE = YES_ERROR;
				CLANG_WARN_DOCUMENTATION_COMMENTS = YES;
				CLANG_WARN_EMPTY_BODY = YES;
				CLANG_WARN_ENUM_CONVERSION = YES;
				CLANG_WARN_INFINITE_RECURSION = YES;
				CLANG_WARN_INT_CONVERSION = YES;
				CLANG_WARN_NON_LITERAL_NULL_CONVERSION = YES;
				CLANG_WARN_OBJC_IMPLICIT_RETAIN_SELF = YES;
				CLANG_WARN_OBJC_LITERAL_CONVERSION = YES;
				CLANG_WARN_OBJC_ROOT_CLASS = YES_ERROR;
				CLANG_WARN_QUOTED_INCLUDE_IN_FRAMEWORK_HEADER = YES;
				CLANG_WARN_RANGE_LOOP_ANALYSIS = YES;
				CLANG_WARN_STRICT_PROTOTYPES = YES;
				CLANG_WARN_SUSPICIOUS_MOVE = YES;
				CLANG_WARN_UNGUARDED_AVAILABILITY = YES_AGGRESSIVE;
				CLANG_WARN_UNREACHABLE_CODE = YES;
				CLANG_WARN__DUPLICATE_METHOD_MATCH = YES;
				COPY_PHASE_STRIP = NO;
				DEBUG_INFORMATION_FORMAT = dwarf;
				ENABLE_STRICT_OBJC_MSGSEND = YES;
				ENABLE_TESTABILITY = YES;
				GCC_C_LANGUAGE_STANDARD = gnu11;
				GCC_DYNAMIC_NO_PIC = NO;
				GCC_NO_COMMON_BLOCKS = YES;
				GCC_OPTIMIZATION_LEVEL = 0;
				GCC_PREPROCESSOR_DEFINITIONS = (
					"DEBUG=1",
					"$(inherited)",
				);
				GCC_WARN_64_TO_32_BIT_CONVERSION = YES;
				GCC_WARN_ABOUT_RETURN_TYPE = YES_ERROR;
				GCC_WARN_UNDECLARED_SELECTOR = YES;
				GCC_WARN_UNINITIALIZED_AUTOS = YES_AGGRESSIVE;
				GCC_WARN_UNUSED_FUNCTION = YES;
				GCC_WARN_UNUSED_VARIABLE = YES;
				IPHONEOS_DEPLOYMENT_TARGET = 14.3;
				MTL_ENABLE_DEBUG_INFO = INCLUDE_SOURCE;
				MTL_FAST_MATH = YES;
				ONLY_ACTIVE_ARCH = YES;
				SDKROOT = iphoneos;
				SWIFT_ACTIVE_COMPILATION_CONDITIONS = DEBUG;
				SWIFT_OPTIMIZATION_LEVEL = "-Onone";
			};
			name = Debug;
		};
		F91402E225935A4E0073BEDE /* Release */ = {
			isa = XCBuildConfiguration;
			buildSettings = {
				ALWAYS_SEARCH_USER_PATHS = NO;
				CLANG_ANALYZER_NONNULL = YES;
				CLANG_ANALYZER_NUMBER_OBJECT_CONVERSION = YES_AGGRESSIVE;
				CLANG_CXX_LANGUAGE_STANDARD = "gnu++14";
				CLANG_CXX_LIBRARY = "libc++";
				CLANG_ENABLE_MODULES = YES;
				CLANG_ENABLE_OBJC_ARC = YES;
				CLANG_ENABLE_OBJC_WEAK = YES;
				CLANG_WARN_BLOCK_CAPTURE_AUTORELEASING = YES;
				CLANG_WARN_BOOL_CONVERSION = YES;
				CLANG_WARN_COMMA = YES;
				CLANG_WARN_CONSTANT_CONVERSION = YES;
				CLANG_WARN_DEPRECATED_OBJC_IMPLEMENTATIONS = YES;
				CLANG_WARN_DIRECT_OBJC_ISA_USAGE = YES_ERROR;
				CLANG_WARN_DOCUMENTATION_COMMENTS = YES;
				CLANG_WARN_EMPTY_BODY = YES;
				CLANG_WARN_ENUM_CONVERSION = YES;
				CLANG_WARN_INFINITE_RECURSION = YES;
				CLANG_WARN_INT_CONVERSION = YES;
				CLANG_WARN_NON_LITERAL_NULL_CONVERSION = YES;
				CLANG_WARN_OBJC_IMPLICIT_RETAIN_SELF = YES;
				CLANG_WARN_OBJC_LITERAL_CONVERSION = YES;
				CLANG_WARN_OBJC_ROOT_CLASS = YES_ERROR;
				CLANG_WARN_QUOTED_INCLUDE_IN_FRAMEWORK_HEADER = YES;
				CLANG_WARN_RANGE_LOOP_ANALYSIS = YES;
				CLANG_WARN_STRICT_PROTOTYPES = YES;
				CLANG_WARN_SUSPICIOUS_MOVE = YES;
				CLANG_WARN_UNGUARDED_AVAILABILITY = YES_AGGRESSIVE;
				CLANG_WARN_UNREACHABLE_CODE = YES;
				CLANG_WARN__DUPLICATE_METHOD_MATCH = YES;
				COPY_PHASE_STRIP = NO;
				DEBUG_INFORMATION_FORMAT = "dwarf-with-dsym";
				ENABLE_NS_ASSERTIONS = NO;
				ENABLE_STRICT_OBJC_MSGSEND = YES;
				GCC_C_LANGUAGE_STANDARD = gnu11;
				GCC_NO_COMMON_BLOCKS = YES;
				GCC_WARN_64_TO_32_BIT_CONVERSION = YES;
				GCC_WARN_ABOUT_RETURN_TYPE = YES_ERROR;
				GCC_WARN_UNDECLARED_SELECTOR = YES;
				GCC_WARN_UNINITIALIZED_AUTOS = YES_AGGRESSIVE;
				GCC_WARN_UNUSED_FUNCTION = YES;
				GCC_WARN_UNUSED_VARIABLE = YES;
				IPHONEOS_DEPLOYMENT_TARGET = 14.3;
				MTL_ENABLE_DEBUG_INFO = NO;
				MTL_FAST_MATH = YES;
				SDKROOT = iphoneos;
				SWIFT_COMPILATION_MODE = wholemodule;
				SWIFT_OPTIMIZATION_LEVEL = "-O";
				VALIDATE_PRODUCT = YES;
			};
			name = Release;
		};
		F91402E425935A4E0073BEDE /* Debug */ = {
			isa = XCBuildConfiguration;
			baseConfigurationReference = 38FB2B52A87B33CEA9B091B1 /* Pods-InstaClone.debug.xcconfig */;
			buildSettings = {
				ASSETCATALOG_COMPILER_APPICON_NAME = AppIcon;
				ASSETCATALOG_COMPILER_GLOBAL_ACCENT_COLOR_NAME = AccentColor;
				CODE_SIGN_STYLE = Automatic;
				DEVELOPMENT_TEAM = 4YL8LS5ZJC;
				INFOPLIST_FILE = InstaClone/Supportings/plists/Info.plist;
				IPHONEOS_DEPLOYMENT_TARGET = 13.0;
				LD_RUNPATH_SEARCH_PATHS = (
					"$(inherited)",
					"@executable_path/Frameworks",
				);
				PRODUCT_BUNDLE_IDENTIFIER = com.statios.InstaClone;
				PRODUCT_NAME = "$(TARGET_NAME)";
				SWIFT_VERSION = 5.0;
				TARGETED_DEVICE_FAMILY = 1;
			};
			name = Debug;
		};
		F91402E525935A4E0073BEDE /* Release */ = {
			isa = XCBuildConfiguration;
			baseConfigurationReference = 09B1E87D83428BB855EFD426 /* Pods-InstaClone.release.xcconfig */;
			buildSettings = {
				ASSETCATALOG_COMPILER_APPICON_NAME = AppIcon;
				ASSETCATALOG_COMPILER_GLOBAL_ACCENT_COLOR_NAME = AccentColor;
				CODE_SIGN_STYLE = Automatic;
				DEVELOPMENT_TEAM = 4YL8LS5ZJC;
				INFOPLIST_FILE = InstaClone/Supportings/plists/Info.plist;
				IPHONEOS_DEPLOYMENT_TARGET = 13.0;
				LD_RUNPATH_SEARCH_PATHS = (
					"$(inherited)",
					"@executable_path/Frameworks",
				);
				PRODUCT_BUNDLE_IDENTIFIER = com.statios.InstaClone;
				PRODUCT_NAME = "$(TARGET_NAME)";
				SWIFT_VERSION = 5.0;
				TARGETED_DEVICE_FAMILY = 1;
			};
			name = Release;
		};
		F91402E725935A4E0073BEDE /* Debug */ = {
			isa = XCBuildConfiguration;
			baseConfigurationReference = 4937DDFE1A89BAA840ADE4B2 /* Pods-InstaCloneTests.debug.xcconfig */;
			buildSettings = {
				ALWAYS_EMBED_SWIFT_STANDARD_LIBRARIES = YES;
				BUNDLE_LOADER = "$(TEST_HOST)";
				CODE_SIGN_STYLE = Automatic;
				DEVELOPMENT_TEAM = 4YL8LS5ZJC;
				INFOPLIST_FILE = InstaCloneTests/Info.plist;
				IPHONEOS_DEPLOYMENT_TARGET = 14.3;
				LD_RUNPATH_SEARCH_PATHS = (
					"$(inherited)",
					"@executable_path/Frameworks",
					"@loader_path/Frameworks",
				);
				PRODUCT_BUNDLE_IDENTIFIER = com.statios.InstaCloneTests;
				PRODUCT_NAME = "$(TARGET_NAME)";
				SWIFT_VERSION = 5.0;
				TARGETED_DEVICE_FAMILY = "1,2";
				TEST_HOST = "$(BUILT_PRODUCTS_DIR)/InstaClone.app/InstaClone";
			};
			name = Debug;
		};
		F91402E825935A4E0073BEDE /* Release */ = {
			isa = XCBuildConfiguration;
			baseConfigurationReference = 0D026BF819D00940D92BE9CA /* Pods-InstaCloneTests.release.xcconfig */;
			buildSettings = {
				ALWAYS_EMBED_SWIFT_STANDARD_LIBRARIES = YES;
				BUNDLE_LOADER = "$(TEST_HOST)";
				CODE_SIGN_STYLE = Automatic;
				DEVELOPMENT_TEAM = 4YL8LS5ZJC;
				INFOPLIST_FILE = InstaCloneTests/Info.plist;
				IPHONEOS_DEPLOYMENT_TARGET = 14.3;
				LD_RUNPATH_SEARCH_PATHS = (
					"$(inherited)",
					"@executable_path/Frameworks",
					"@loader_path/Frameworks",
				);
				PRODUCT_BUNDLE_IDENTIFIER = com.statios.InstaCloneTests;
				PRODUCT_NAME = "$(TARGET_NAME)";
				SWIFT_VERSION = 5.0;
				TARGETED_DEVICE_FAMILY = "1,2";
				TEST_HOST = "$(BUILT_PRODUCTS_DIR)/InstaClone.app/InstaClone";
			};
			name = Release;
		};
		F91402EA25935A4E0073BEDE /* Debug */ = {
			isa = XCBuildConfiguration;
			baseConfigurationReference = C9848A1E4417DD38F8521876 /* Pods-InstaClone-InstaCloneUITests.debug.xcconfig */;
			buildSettings = {
				ALWAYS_EMBED_SWIFT_STANDARD_LIBRARIES = YES;
				CODE_SIGN_STYLE = Automatic;
				DEVELOPMENT_TEAM = 4YL8LS5ZJC;
				INFOPLIST_FILE = InstaCloneUITests/Info.plist;
				LD_RUNPATH_SEARCH_PATHS = (
					"$(inherited)",
					"@executable_path/Frameworks",
					"@loader_path/Frameworks",
				);
				PRODUCT_BUNDLE_IDENTIFIER = com.statios.InstaCloneUITests;
				PRODUCT_NAME = "$(TARGET_NAME)";
				SWIFT_VERSION = 5.0;
				TARGETED_DEVICE_FAMILY = "1,2";
				TEST_TARGET_NAME = InstaClone;
			};
			name = Debug;
		};
		F91402EB25935A4E0073BEDE /* Release */ = {
			isa = XCBuildConfiguration;
			baseConfigurationReference = 33DE4A21B2C4DEEED8D94C1B /* Pods-InstaClone-InstaCloneUITests.release.xcconfig */;
			buildSettings = {
				ALWAYS_EMBED_SWIFT_STANDARD_LIBRARIES = YES;
				CODE_SIGN_STYLE = Automatic;
				DEVELOPMENT_TEAM = 4YL8LS5ZJC;
				INFOPLIST_FILE = InstaCloneUITests/Info.plist;
				LD_RUNPATH_SEARCH_PATHS = (
					"$(inherited)",
					"@executable_path/Frameworks",
					"@loader_path/Frameworks",
				);
				PRODUCT_BUNDLE_IDENTIFIER = com.statios.InstaCloneUITests;
				PRODUCT_NAME = "$(TARGET_NAME)";
				SWIFT_VERSION = 5.0;
				TARGETED_DEVICE_FAMILY = "1,2";
				TEST_TARGET_NAME = InstaClone;
			};
			name = Release;
		};
/* End XCBuildConfiguration section */

/* Begin XCConfigurationList section */
		F91402B425935A4C0073BEDE /* Build configuration list for PBXProject "InstaClone" */ = {
			isa = XCConfigurationList;
			buildConfigurations = (
				F91402E125935A4E0073BEDE /* Debug */,
				F91402E225935A4E0073BEDE /* Release */,
			);
			defaultConfigurationIsVisible = 0;
			defaultConfigurationName = Release;
		};
		F91402E325935A4E0073BEDE /* Build configuration list for PBXNativeTarget "InstaClone" */ = {
			isa = XCConfigurationList;
			buildConfigurations = (
				F91402E425935A4E0073BEDE /* Debug */,
				F91402E525935A4E0073BEDE /* Release */,
			);
			defaultConfigurationIsVisible = 0;
			defaultConfigurationName = Release;
		};
		F91402E625935A4E0073BEDE /* Build configuration list for PBXNativeTarget "InstaCloneTests" */ = {
			isa = XCConfigurationList;
			buildConfigurations = (
				F91402E725935A4E0073BEDE /* Debug */,
				F91402E825935A4E0073BEDE /* Release */,
			);
			defaultConfigurationIsVisible = 0;
			defaultConfigurationName = Release;
		};
		F91402E925935A4E0073BEDE /* Build configuration list for PBXNativeTarget "InstaCloneUITests" */ = {
			isa = XCConfigurationList;
			buildConfigurations = (
				F91402EA25935A4E0073BEDE /* Debug */,
				F91402EB25935A4E0073BEDE /* Release */,
			);
			defaultConfigurationIsVisible = 0;
			defaultConfigurationName = Release;
		};
/* End XCConfigurationList section */
	};
	rootObject = F91402B125935A4C0073BEDE /* Project object */;
}
